// !$*UTF8*$!
{
	archiveVersion = 1;
	classes = {
	};
	objectVersion = 46;
	objects = {

/* Begin PBXBuildFile section */
		1BD25A282E0E476D94A5BD55 /* libPods-HellraiserMarket.a in Frameworks */ = {isa = PBXBuildFile; fileRef = 6CA4957DA0AB468195DF4B39 /* libPods-HellraiserMarket.a */; };
		75344714C23A4A2D8BE2D7AE /* libPods-HellraiserMarketTests.a in Frameworks */ = {isa = PBXBuildFile; fileRef = 9697ADE572A4443FBA6C2E51 /* libPods-HellraiserMarketTests.a */; };
		7909AFCB193518F00048CEDA /* Foundation.framework in Frameworks */ = {isa = PBXBuildFile; fileRef = 7909AFCA193518F00048CEDA /* Foundation.framework */; };
		7909AFCD193518F00048CEDA /* CoreGraphics.framework in Frameworks */ = {isa = PBXBuildFile; fileRef = 7909AFCC193518F00048CEDA /* CoreGraphics.framework */; };
		7909AFCF193518F00048CEDA /* UIKit.framework in Frameworks */ = {isa = PBXBuildFile; fileRef = 7909AFCE193518F00048CEDA /* UIKit.framework */; };
		7909AFD1193518F00048CEDA /* CoreData.framework in Frameworks */ = {isa = PBXBuildFile; fileRef = 7909AFD0193518F00048CEDA /* CoreData.framework */; };
		7909AFD7193518F00048CEDA /* InfoPlist.strings in Resources */ = {isa = PBXBuildFile; fileRef = 7909AFD5193518F00048CEDA /* InfoPlist.strings */; };
		7909AFD9193518F00048CEDA /* main.m in Sources */ = {isa = PBXBuildFile; fileRef = 7909AFD8193518F00048CEDA /* main.m */; };
		7909AFDD193518F00048CEDA /* AppDelegate.m in Sources */ = {isa = PBXBuildFile; fileRef = 7909AFDC193518F00048CEDA /* AppDelegate.m */; };
		7909AFE0193518F00048CEDA /* HellraiserMarket.xcdatamodeld in Sources */ = {isa = PBXBuildFile; fileRef = 7909AFDE193518F00048CEDA /* HellraiserMarket.xcdatamodeld */; };
		7909AFE2193518F00048CEDA /* Images.xcassets in Resources */ = {isa = PBXBuildFile; fileRef = 7909AFE1193518F00048CEDA /* Images.xcassets */; };
		7909AFE9193518F00048CEDA /* XCTest.framework in Frameworks */ = {isa = PBXBuildFile; fileRef = 7909AFE8193518F00048CEDA /* XCTest.framework */; };
		7909AFEA193518F00048CEDA /* Foundation.framework in Frameworks */ = {isa = PBXBuildFile; fileRef = 7909AFCA193518F00048CEDA /* Foundation.framework */; };
		7909AFEB193518F00048CEDA /* UIKit.framework in Frameworks */ = {isa = PBXBuildFile; fileRef = 7909AFCE193518F00048CEDA /* UIKit.framework */; };
		7909AFEC193518F00048CEDA /* CoreData.framework in Frameworks */ = {isa = PBXBuildFile; fileRef = 7909AFD0193518F00048CEDA /* CoreData.framework */; };
		7909AFF4193518F00048CEDA /* InfoPlist.strings in Resources */ = {isa = PBXBuildFile; fileRef = 7909AFF2193518F00048CEDA /* InfoPlist.strings */; };
		7909AFF6193518F00048CEDA /* HellraiserMarketTests.m in Sources */ = {isa = PBXBuildFile; fileRef = 7909AFF5193518F00048CEDA /* HellraiserMarketTests.m */; };
		7909B004193519400048CEDA /* CoreDataHelper.m in Sources */ = {isa = PBXBuildFile; fileRef = 7909B001193519400048CEDA /* CoreDataHelper.m */; };
		7909B005193519400048CEDA /* CoreDataTVC.m in Sources */ = {isa = PBXBuildFile; fileRef = 7909B003193519400048CEDA /* CoreDataTVC.m */; };
		7909B00A1935198F0048CEDA /* Reachability.m in Sources */ = {isa = PBXBuildFile; fileRef = 7909B0091935198F0048CEDA /* Reachability.m */; };
		7909B00E19351A6B0048CEDA /* Main-iPhone.storyboard in Resources */ = {isa = PBXBuildFile; fileRef = 7909B00D19351A6B0048CEDA /* Main-iPhone.storyboard */; };
		7909B01019351A7B0048CEDA /* Main-iPad.storyboard in Resources */ = {isa = PBXBuildFile; fileRef = 7909B00F19351A7B0048CEDA /* Main-iPad.storyboard */; };
		7909B01519351B730048CEDA /* iPadMainViewController.m in Sources */ = {isa = PBXBuildFile; fileRef = 7909B01419351B730048CEDA /* iPadMainViewController.m */; };
		7909B01E193523800048CEDA /* ProductsViewController.m in Sources */ = {isa = PBXBuildFile; fileRef = 7909B01D193523800048CEDA /* ProductsViewController.m */; };
		7909B024193534150048CEDA /* BrandsTableViewController.m in Sources */ = {isa = PBXBuildFile; fileRef = 7909B023193534150048CEDA /* BrandsTableViewController.m */; };
		7909B02719353F150048CEDA /* MarketService.m in Sources */ = {isa = PBXBuildFile; fileRef = 7909B02619353F150048CEDA /* MarketService.m */; };
		7909B03619354FB90048CEDA /* Product.m in Sources */ = {isa = PBXBuildFile; fileRef = 7909B03519354FB90048CEDA /* Product.m */; };
		7909B03919354FBA0048CEDA /* Brand.m in Sources */ = {isa = PBXBuildFile; fileRef = 7909B03819354FBA0048CEDA /* Brand.m */; };
		7909B03F19356B2E0048CEDA /* UIViewController+HRViewControllerCategory.m in Sources */ = {isa = PBXBuildFile; fileRef = 7909B03E19356B2E0048CEDA /* UIViewController+HRViewControllerCategory.m */; };
		7909B04219356E280048CEDA /* UIImage+HRImage.m in Sources */ = {isa = PBXBuildFile; fileRef = 7909B04119356E280048CEDA /* UIImage+HRImage.m */; };
		7909B045193576E00048CEDA /* CoreDataCVC.m in Sources */ = {isa = PBXBuildFile; fileRef = 7909B044193576E00048CEDA /* CoreDataCVC.m */; };
		7909B04819357BAC0048CEDA /* ProductCell.m in Sources */ = {isa = PBXBuildFile; fileRef = 7909B04719357BAC0048CEDA /* ProductCell.m */; };
		7909B04B193582A50048CEDA /* ProductsHeaderCell.m in Sources */ = {isa = PBXBuildFile; fileRef = 7909B04A193582A50048CEDA /* ProductsHeaderCell.m */; };
		7909B04E19358AD80048CEDA /* ProductDetailViewController.m in Sources */ = {isa = PBXBuildFile; fileRef = 7909B04D19358AD80048CEDA /* ProductDetailViewController.m */; };
		7909B05119359AE50048CEDA /* iPhoneMainViewController.m in Sources */ = {isa = PBXBuildFile; fileRef = 7909B05019359AE50048CEDA /* iPhoneMainViewController.m */; };
/* End PBXBuildFile section */

/* Begin PBXContainerItemProxy section */
		7909AFED193518F00048CEDA /* PBXContainerItemProxy */ = {
			isa = PBXContainerItemProxy;
			containerPortal = 7909AFBF193518F00048CEDA /* Project object */;
			proxyType = 1;
			remoteGlobalIDString = 7909AFC6193518F00048CEDA;
			remoteInfo = HellraiserMarket;
		};
/* End PBXContainerItemProxy section */

/* Begin PBXFileReference section */
		6B91002F9CFC44CD8051D3A1 /* Pods-HellraiserMarket.xcconfig */ = {isa = PBXFileReference; includeInIndex = 1; lastKnownFileType = text.xcconfig; name = "Pods-HellraiserMarket.xcconfig"; path = "Pods/Pods-HellraiserMarket.xcconfig"; sourceTree = "<group>"; };
		6CA4957DA0AB468195DF4B39 /* libPods-HellraiserMarket.a */ = {isa = PBXFileReference; explicitFileType = archive.ar; includeInIndex = 0; path = "libPods-HellraiserMarket.a"; sourceTree = BUILT_PRODUCTS_DIR; };
		7909AFC7193518F00048CEDA /* HellraiserMarket.app */ = {isa = PBXFileReference; explicitFileType = wrapper.application; includeInIndex = 0; path = HellraiserMarket.app; sourceTree = BUILT_PRODUCTS_DIR; };
		7909AFCA193518F00048CEDA /* Foundation.framework */ = {isa = PBXFileReference; lastKnownFileType = wrapper.framework; name = Foundation.framework; path = System/Library/Frameworks/Foundation.framework; sourceTree = SDKROOT; };
		7909AFCC193518F00048CEDA /* CoreGraphics.framework */ = {isa = PBXFileReference; lastKnownFileType = wrapper.framework; name = CoreGraphics.framework; path = System/Library/Frameworks/CoreGraphics.framework; sourceTree = SDKROOT; };
		7909AFCE193518F00048CEDA /* UIKit.framework */ = {isa = PBXFileReference; lastKnownFileType = wrapper.framework; name = UIKit.framework; path = System/Library/Frameworks/UIKit.framework; sourceTree = SDKROOT; };
		7909AFD0193518F00048CEDA /* CoreData.framework */ = {isa = PBXFileReference; lastKnownFileType = wrapper.framework; name = CoreData.framework; path = System/Library/Frameworks/CoreData.framework; sourceTree = SDKROOT; };
		7909AFD4193518F00048CEDA /* HellraiserMarket-Info.plist */ = {isa = PBXFileReference; lastKnownFileType = text.plist.xml; path = "HellraiserMarket-Info.plist"; sourceTree = "<group>"; };
		7909AFD6193518F00048CEDA /* en */ = {isa = PBXFileReference; lastKnownFileType = text.plist.strings; name = en; path = en.lproj/InfoPlist.strings; sourceTree = "<group>"; };
		7909AFD8193518F00048CEDA /* main.m */ = {isa = PBXFileReference; lastKnownFileType = sourcecode.c.objc; path = main.m; sourceTree = "<group>"; };
		7909AFDA193518F00048CEDA /* HellraiserMarket-Prefix.pch */ = {isa = PBXFileReference; lastKnownFileType = sourcecode.c.h; path = "HellraiserMarket-Prefix.pch"; sourceTree = "<group>"; };
		7909AFDB193518F00048CEDA /* AppDelegate.h */ = {isa = PBXFileReference; lastKnownFileType = sourcecode.c.h; path = AppDelegate.h; sourceTree = "<group>"; };
		7909AFDC193518F00048CEDA /* AppDelegate.m */ = {isa = PBXFileReference; lastKnownFileType = sourcecode.c.objc; path = AppDelegate.m; sourceTree = "<group>"; };
		7909AFDF193518F00048CEDA /* HellraiserMarket.xcdatamodel */ = {isa = PBXFileReference; lastKnownFileType = wrapper.xcdatamodel; path = HellraiserMarket.xcdatamodel; sourceTree = "<group>"; };
		7909AFE1193518F00048CEDA /* Images.xcassets */ = {isa = PBXFileReference; lastKnownFileType = folder.assetcatalog; path = Images.xcassets; sourceTree = "<group>"; };
		7909AFE7193518F00048CEDA /* HellraiserMarketTests.xctest */ = {isa = PBXFileReference; explicitFileType = wrapper.cfbundle; includeInIndex = 0; path = HellraiserMarketTests.xctest; sourceTree = BUILT_PRODUCTS_DIR; };
		7909AFE8193518F00048CEDA /* XCTest.framework */ = {isa = PBXFileReference; lastKnownFileType = wrapper.framework; name = XCTest.framework; path = Library/Frameworks/XCTest.framework; sourceTree = DEVELOPER_DIR; };
		7909AFF1193518F00048CEDA /* HellraiserMarketTests-Info.plist */ = {isa = PBXFileReference; lastKnownFileType = text.plist.xml; path = "HellraiserMarketTests-Info.plist"; sourceTree = "<group>"; };
		7909AFF3193518F00048CEDA /* en */ = {isa = PBXFileReference; lastKnownFileType = text.plist.strings; name = en; path = en.lproj/InfoPlist.strings; sourceTree = "<group>"; };
		7909AFF5193518F00048CEDA /* HellraiserMarketTests.m */ = {isa = PBXFileReference; lastKnownFileType = sourcecode.c.objc; path = HellraiserMarketTests.m; sourceTree = "<group>"; };
		7909B000193519400048CEDA /* CoreDataHelper.h */ = {isa = PBXFileReference; fileEncoding = 4; lastKnownFileType = sourcecode.c.h; path = CoreDataHelper.h; sourceTree = "<group>"; };
		7909B001193519400048CEDA /* CoreDataHelper.m */ = {isa = PBXFileReference; fileEncoding = 4; lastKnownFileType = sourcecode.c.objc; path = CoreDataHelper.m; sourceTree = "<group>"; };
		7909B002193519400048CEDA /* CoreDataTVC.h */ = {isa = PBXFileReference; fileEncoding = 4; lastKnownFileType = sourcecode.c.h; path = CoreDataTVC.h; sourceTree = "<group>"; };
		7909B003193519400048CEDA /* CoreDataTVC.m */ = {isa = PBXFileReference; fileEncoding = 4; lastKnownFileType = sourcecode.c.objc; path = CoreDataTVC.m; sourceTree = "<group>"; };
		7909B0081935198F0048CEDA /* Reachability.h */ = {isa = PBXFileReference; fileEncoding = 4; lastKnownFileType = sourcecode.c.h; path = Reachability.h; sourceTree = "<group>"; };
		7909B0091935198F0048CEDA /* Reachability.m */ = {isa = PBXFileReference; fileEncoding = 4; lastKnownFileType = sourcecode.c.objc; path = Reachability.m; sourceTree = "<group>"; };
		7909B00D19351A6B0048CEDA /* Main-iPhone.storyboard */ = {isa = PBXFileReference; fileEncoding = 4; lastKnownFileType = file.storyboard; path = "Main-iPhone.storyboard"; sourceTree = "<group>"; };
		7909B00F19351A7B0048CEDA /* Main-iPad.storyboard */ = {isa = PBXFileReference; fileEncoding = 4; lastKnownFileType = file.storyboard; path = "Main-iPad.storyboard"; sourceTree = "<group>"; };
		7909B01319351B730048CEDA /* iPadMainViewController.h */ = {isa = PBXFileReference; fileEncoding = 4; lastKnownFileType = sourcecode.c.h; path = iPadMainViewController.h; sourceTree = "<group>"; };
		7909B01419351B730048CEDA /* iPadMainViewController.m */ = {isa = PBXFileReference; fileEncoding = 4; lastKnownFileType = sourcecode.c.objc; path = iPadMainViewController.m; sourceTree = "<group>"; };
		7909B01C193523800048CEDA /* ProductsViewController.h */ = {isa = PBXFileReference; fileEncoding = 4; lastKnownFileType = sourcecode.c.h; path = ProductsViewController.h; sourceTree = "<group>"; };
		7909B01D193523800048CEDA /* ProductsViewController.m */ = {isa = PBXFileReference; fileEncoding = 4; lastKnownFileType = sourcecode.c.objc; path = ProductsViewController.m; sourceTree = "<group>"; };
		7909B022193534150048CEDA /* BrandsTableViewController.h */ = {isa = PBXFileReference; fileEncoding = 4; lastKnownFileType = sourcecode.c.h; path = BrandsTableViewController.h; sourceTree = "<group>"; };
		7909B023193534150048CEDA /* BrandsTableViewController.m */ = {isa = PBXFileReference; fileEncoding = 4; lastKnownFileType = sourcecode.c.objc; path = BrandsTableViewController.m; sourceTree = "<group>"; };
		7909B02519353F150048CEDA /* MarketService.h */ = {isa = PBXFileReference; fileEncoding = 4; lastKnownFileType = sourcecode.c.h; path = MarketService.h; sourceTree = "<group>"; };
		7909B02619353F150048CEDA /* MarketService.m */ = {isa = PBXFileReference; fileEncoding = 4; lastKnownFileType = sourcecode.c.objc; path = MarketService.m; sourceTree = "<group>"; };
		7909B03419354FB90048CEDA /* Product.h */ = {isa = PBXFileReference; fileEncoding = 4; lastKnownFileType = sourcecode.c.h; path = Product.h; sourceTree = "<group>"; };
		7909B03519354FB90048CEDA /* Product.m */ = {isa = PBXFileReference; fileEncoding = 4; lastKnownFileType = sourcecode.c.objc; path = Product.m; sourceTree = "<group>"; };
		7909B03719354FBA0048CEDA /* Brand.h */ = {isa = PBXFileReference; fileEncoding = 4; lastKnownFileType = sourcecode.c.h; path = Brand.h; sourceTree = "<group>"; };
		7909B03819354FBA0048CEDA /* Brand.m */ = {isa = PBXFileReference; fileEncoding = 4; lastKnownFileType = sourcecode.c.objc; path = Brand.m; sourceTree = "<group>"; };
		7909B03D19356B2E0048CEDA /* UIViewController+HRViewControllerCategory.h */ = {isa = PBXFileReference; fileEncoding = 4; lastKnownFileType = sourcecode.c.h; path = "UIViewController+HRViewControllerCategory.h"; sourceTree = "<group>"; };
		7909B03E19356B2E0048CEDA /* UIViewController+HRViewControllerCategory.m */ = {isa = PBXFileReference; fileEncoding = 4; lastKnownFileType = sourcecode.c.objc; path = "UIViewController+HRViewControllerCategory.m"; sourceTree = "<group>"; };
		7909B04019356E280048CEDA /* UIImage+HRImage.h */ = {isa = PBXFileReference; fileEncoding = 4; lastKnownFileType = sourcecode.c.h; path = "UIImage+HRImage.h"; sourceTree = "<group>"; };
		7909B04119356E280048CEDA /* UIImage+HRImage.m */ = {isa = PBXFileReference; fileEncoding = 4; lastKnownFileType = sourcecode.c.objc; path = "UIImage+HRImage.m"; sourceTree = "<group>"; };
		7909B043193576E00048CEDA /* CoreDataCVC.h */ = {isa = PBXFileReference; fileEncoding = 4; lastKnownFileType = sourcecode.c.h; path = CoreDataCVC.h; sourceTree = "<group>"; };
		7909B044193576E00048CEDA /* CoreDataCVC.m */ = {isa = PBXFileReference; fileEncoding = 4; lastKnownFileType = sourcecode.c.objc; path = CoreDataCVC.m; sourceTree = "<group>"; };
		7909B04619357BAC0048CEDA /* ProductCell.h */ = {isa = PBXFileReference; fileEncoding = 4; lastKnownFileType = sourcecode.c.h; path = ProductCell.h; sourceTree = "<group>"; };
		7909B04719357BAC0048CEDA /* ProductCell.m */ = {isa = PBXFileReference; fileEncoding = 4; lastKnownFileType = sourcecode.c.objc; path = ProductCell.m; sourceTree = "<group>"; };
		7909B049193582A50048CEDA /* ProductsHeaderCell.h */ = {isa = PBXFileReference; fileEncoding = 4; lastKnownFileType = sourcecode.c.h; path = ProductsHeaderCell.h; sourceTree = "<group>"; };
		7909B04A193582A50048CEDA /* ProductsHeaderCell.m */ = {isa = PBXFileReference; fileEncoding = 4; lastKnownFileType = sourcecode.c.objc; path = ProductsHeaderCell.m; sourceTree = "<group>"; };
		7909B04C19358AD80048CEDA /* ProductDetailViewController.h */ = {isa = PBXFileReference; fileEncoding = 4; lastKnownFileType = sourcecode.c.h; path = ProductDetailViewController.h; sourceTree = "<group>"; };
		7909B04D19358AD80048CEDA /* ProductDetailViewController.m */ = {isa = PBXFileReference; fileEncoding = 4; lastKnownFileType = sourcecode.c.objc; path = ProductDetailViewController.m; sourceTree = "<group>"; };
		7909B04F19359AE50048CEDA /* iPhoneMainViewController.h */ = {isa = PBXFileReference; fileEncoding = 4; lastKnownFileType = sourcecode.c.h; path = iPhoneMainViewController.h; sourceTree = "<group>"; };
		7909B05019359AE50048CEDA /* iPhoneMainViewController.m */ = {isa = PBXFileReference; fileEncoding = 4; lastKnownFileType = sourcecode.c.objc; path = iPhoneMainViewController.m; sourceTree = "<group>"; };
		9697ADE572A4443FBA6C2E51 /* libPods-HellraiserMarketTests.a */ = {isa = PBXFileReference; explicitFileType = archive.ar; includeInIndex = 0; path = "libPods-HellraiserMarketTests.a"; sourceTree = BUILT_PRODUCTS_DIR; };
		BC1B2B88821943F6B8766C15 /* Pods-HellraiserMarketTests.xcconfig */ = {isa = PBXFileReference; includeInIndex = 1; lastKnownFileType = text.xcconfig; name = "Pods-HellraiserMarketTests.xcconfig"; path = "Pods/Pods-HellraiserMarketTests.xcconfig"; sourceTree = "<group>"; };
/* End PBXFileReference section */

/* Begin PBXFrameworksBuildPhase section */
		7909AFC4193518F00048CEDA /* Frameworks */ = {
			isa = PBXFrameworksBuildPhase;
			buildActionMask = 2147483647;
			files = (
				7909AFCD193518F00048CEDA /* CoreGraphics.framework in Frameworks */,
				7909AFD1193518F00048CEDA /* CoreData.framework in Frameworks */,
				7909AFCF193518F00048CEDA /* UIKit.framework in Frameworks */,
				7909AFCB193518F00048CEDA /* Foundation.framework in Frameworks */,
				1BD25A282E0E476D94A5BD55 /* libPods-HellraiserMarket.a in Frameworks */,
			);
			runOnlyForDeploymentPostprocessing = 0;
		};
		7909AFE4193518F00048CEDA /* Frameworks */ = {
			isa = PBXFrameworksBuildPhase;
			buildActionMask = 2147483647;
			files = (
				7909AFE9193518F00048CEDA /* XCTest.framework in Frameworks */,
				7909AFEC193518F00048CEDA /* CoreData.framework in Frameworks */,
				7909AFEB193518F00048CEDA /* UIKit.framework in Frameworks */,
				7909AFEA193518F00048CEDA /* Foundation.framework in Frameworks */,
				75344714C23A4A2D8BE2D7AE /* libPods-HellraiserMarketTests.a in Frameworks */,
			);
			runOnlyForDeploymentPostprocessing = 0;
		};
/* End PBXFrameworksBuildPhase section */

/* Begin PBXGroup section */
		7909AFBE193518F00048CEDA = {
			isa = PBXGroup;
			children = (
				7909AFD2193518F00048CEDA /* HellraiserMarket */,
				7909AFEF193518F00048CEDA /* HellraiserMarketTests */,
				7909AFC9193518F00048CEDA /* Frameworks */,
				7909AFC8193518F00048CEDA /* Products */,
				6B91002F9CFC44CD8051D3A1 /* Pods-HellraiserMarket.xcconfig */,
				BC1B2B88821943F6B8766C15 /* Pods-HellraiserMarketTests.xcconfig */,
			);
			sourceTree = "<group>";
		};
		7909AFC8193518F00048CEDA /* Products */ = {
			isa = PBXGroup;
			children = (
				7909AFC7193518F00048CEDA /* HellraiserMarket.app */,
				7909AFE7193518F00048CEDA /* HellraiserMarketTests.xctest */,
			);
			name = Products;
			sourceTree = "<group>";
		};
		7909AFC9193518F00048CEDA /* Frameworks */ = {
			isa = PBXGroup;
			children = (
				7909AFCA193518F00048CEDA /* Foundation.framework */,
				7909AFCC193518F00048CEDA /* CoreGraphics.framework */,
				7909AFCE193518F00048CEDA /* UIKit.framework */,
				7909AFD0193518F00048CEDA /* CoreData.framework */,
				7909AFE8193518F00048CEDA /* XCTest.framework */,
				6CA4957DA0AB468195DF4B39 /* libPods-HellraiserMarket.a */,
				9697ADE572A4443FBA6C2E51 /* libPods-HellraiserMarketTests.a */,
			);
			name = Frameworks;
			sourceTree = "<group>";
		};
		7909AFD2193518F00048CEDA /* HellraiserMarket */ = {
			isa = PBXGroup;
			children = (
				7909B00C193519F40048CEDA /* Models */,
				7909B00B193519B90048CEDA /* Services */,
				7909B007193519810048CEDA /* Helpers */,
				7909B006193519440048CEDA /* ViewControllers */,
				7909AFFF193519350048CEDA /* CoreData */,
				7909AFDB193518F00048CEDA /* AppDelegate.h */,
				7909AFDC193518F00048CEDA /* AppDelegate.m */,
				7909AFE1193518F00048CEDA /* Images.xcassets */,
				7909AFD3193518F00048CEDA /* Supporting Files */,
				7909B00D19351A6B0048CEDA /* Main-iPhone.storyboard */,
				7909B00F19351A7B0048CEDA /* Main-iPad.storyboard */,
			);
			path = HellraiserMarket;
			sourceTree = "<group>";
		};
		7909AFD3193518F00048CEDA /* Supporting Files */ = {
			isa = PBXGroup;
			children = (
				7909AFD4193518F00048CEDA /* HellraiserMarket-Info.plist */,
				7909AFD5193518F00048CEDA /* InfoPlist.strings */,
				7909AFD8193518F00048CEDA /* main.m */,
				7909AFDA193518F00048CEDA /* HellraiserMarket-Prefix.pch */,
			);
			name = "Supporting Files";
			sourceTree = "<group>";
		};
		7909AFEF193518F00048CEDA /* HellraiserMarketTests */ = {
			isa = PBXGroup;
			children = (
				7909AFF5193518F00048CEDA /* HellraiserMarketTests.m */,
				7909AFF0193518F00048CEDA /* Supporting Files */,
			);
			path = HellraiserMarketTests;
			sourceTree = "<group>";
		};
		7909AFF0193518F00048CEDA /* Supporting Files */ = {
			isa = PBXGroup;
			children = (
				7909AFF1193518F00048CEDA /* HellraiserMarketTests-Info.plist */,
				7909AFF2193518F00048CEDA /* InfoPlist.strings */,
			);
			name = "Supporting Files";
			sourceTree = "<group>";
		};
		7909AFFF193519350048CEDA /* CoreData */ = {
			isa = PBXGroup;
			children = (
				7909B000193519400048CEDA /* CoreDataHelper.h */,
				7909B001193519400048CEDA /* CoreDataHelper.m */,
				7909B002193519400048CEDA /* CoreDataTVC.h */,
				7909B003193519400048CEDA /* CoreDataTVC.m */,
				7909B043193576E00048CEDA /* CoreDataCVC.h */,
				7909B044193576E00048CEDA /* CoreDataCVC.m */,
			);
			name = CoreData;
			sourceTree = "<group>";
		};
		7909B006193519440048CEDA /* ViewControllers */ = {
			isa = PBXGroup;
			children = (
				7909B01219351A890048CEDA /* iPhone */,
				7909B01119351A830048CEDA /* iPad */,
			);
			name = ViewControllers;
			sourceTree = "<group>";
		};
		7909B007193519810048CEDA /* Helpers */ = {
			isa = PBXGroup;
			children = (
				7909B0081935198F0048CEDA /* Reachability.h */,
				7909B0091935198F0048CEDA /* Reachability.m */,
				7909B03D19356B2E0048CEDA /* UIViewController+HRViewControllerCategory.h */,
				7909B03E19356B2E0048CEDA /* UIViewController+HRViewControllerCategory.m */,
				7909B04019356E280048CEDA /* UIImage+HRImage.h */,
				7909B04119356E280048CEDA /* UIImage+HRImage.m */,
			);
			name = Helpers;
			sourceTree = "<group>";
		};
		7909B00B193519B90048CEDA /* Services */ = {
			isa = PBXGroup;
			children = (
				7909B02519353F150048CEDA /* MarketService.h */,
				7909B02619353F150048CEDA /* MarketService.m */,
			);
			name = Services;
			sourceTree = "<group>";
		};
		7909B00C193519F40048CEDA /* Models */ = {
			isa = PBXGroup;
			children = (
				7909AFDE193518F00048CEDA /* HellraiserMarket.xcdatamodeld */,
				7909B03419354FB90048CEDA /* Product.h */,
				7909B03519354FB90048CEDA /* Product.m */,
				7909B03719354FBA0048CEDA /* Brand.h */,
				7909B03819354FBA0048CEDA /* Brand.m */,
			);
			name = Models;
			sourceTree = "<group>";
		};
		7909B01119351A830048CEDA /* iPad */ = {
			isa = PBXGroup;
			children = (
				7909B01319351B730048CEDA /* iPadMainViewController.h */,
				7909B01419351B730048CEDA /* iPadMainViewController.m */,
				7909B01C193523800048CEDA /* ProductsViewController.h */,
				7909B01D193523800048CEDA /* ProductsViewController.m */,
				7909B022193534150048CEDA /* BrandsTableViewController.h */,
				7909B023193534150048CEDA /* BrandsTableViewController.m */,
				7909B04619357BAC0048CEDA /* ProductCell.h */,
				7909B04719357BAC0048CEDA /* ProductCell.m */,
				7909B049193582A50048CEDA /* ProductsHeaderCell.h */,
				7909B04A193582A50048CEDA /* ProductsHeaderCell.m */,
				7909B04C19358AD80048CEDA /* ProductDetailViewController.h */,
				7909B04D19358AD80048CEDA /* ProductDetailViewController.m */,
			);
			name = iPad;
			sourceTree = "<group>";
		};
		7909B01219351A890048CEDA /* iPhone */ = {
			isa = PBXGroup;
			children = (
				7909B04F19359AE50048CEDA /* iPhoneMainViewController.h */,
				7909B05019359AE50048CEDA /* iPhoneMainViewController.m */,
			);
			name = iPhone;
			sourceTree = "<group>";
		};
/* End PBXGroup section */

/* Begin PBXNativeTarget section */
		7909AFC6193518F00048CEDA /* HellraiserMarket */ = {
			isa = PBXNativeTarget;
			buildConfigurationList = 7909AFF9193518F00048CEDA /* Build configuration list for PBXNativeTarget "HellraiserMarket" */;
			buildPhases = (
				53B76DBAD0F54A5A83C1E8F4 /* Check Pods Manifest.lock */,
				7909AFC3193518F00048CEDA /* Sources */,
				7909AFC4193518F00048CEDA /* Frameworks */,
				7909AFC5193518F00048CEDA /* Resources */,
				12214516DF354352A88F83EE /* Copy Pods Resources */,
			);
			buildRules = (
			);
			dependencies = (
			);
			name = HellraiserMarket;
			productName = HellraiserMarket;
			productReference = 7909AFC7193518F00048CEDA /* HellraiserMarket.app */;
			productType = "com.apple.product-type.application";
		};
		7909AFE6193518F00048CEDA /* HellraiserMarketTests */ = {
			isa = PBXNativeTarget;
			buildConfigurationList = 7909AFFC193518F00048CEDA /* Build configuration list for PBXNativeTarget "HellraiserMarketTests" */;
			buildPhases = (
				15708D5192C148F38D2F3BF1 /* Check Pods Manifest.lock */,
				7909AFE3193518F00048CEDA /* Sources */,
				7909AFE4193518F00048CEDA /* Frameworks */,
				7909AFE5193518F00048CEDA /* Resources */,
				DADEC12A319C49E2A7494BD3 /* Copy Pods Resources */,
			);
			buildRules = (
			);
			dependencies = (
				7909AFEE193518F00048CEDA /* PBXTargetDependency */,
			);
			name = HellraiserMarketTests;
			productName = HellraiserMarketTests;
			productReference = 7909AFE7193518F00048CEDA /* HellraiserMarketTests.xctest */;
			productType = "com.apple.product-type.bundle.unit-test";
		};
/* End PBXNativeTarget section */

/* Begin PBXProject section */
		7909AFBF193518F00048CEDA /* Project object */ = {
			isa = PBXProject;
			attributes = {
				LastUpgradeCheck = 0510;
				ORGANIZATIONNAME = guidefreitas;
				TargetAttributes = {
					7909AFE6193518F00048CEDA = {
						TestTargetID = 7909AFC6193518F00048CEDA;
					};
				};
			};
			buildConfigurationList = 7909AFC2193518F00048CEDA /* Build configuration list for PBXProject "HellraiserMarket" */;
			compatibilityVersion = "Xcode 3.2";
			developmentRegion = English;
			hasScannedForEncodings = 0;
			knownRegions = (
				en,
			);
			mainGroup = 7909AFBE193518F00048CEDA;
			productRefGroup = 7909AFC8193518F00048CEDA /* Products */;
			projectDirPath = "";
			projectRoot = "";
			targets = (
				7909AFC6193518F00048CEDA /* HellraiserMarket */,
				7909AFE6193518F00048CEDA /* HellraiserMarketTests */,
			);
		};
/* End PBXProject section */

/* Begin PBXResourcesBuildPhase section */
		7909AFC5193518F00048CEDA /* Resources */ = {
			isa = PBXResourcesBuildPhase;
			buildActionMask = 2147483647;
			files = (
				7909AFD7193518F00048CEDA /* InfoPlist.strings in Resources */,
				7909B00E19351A6B0048CEDA /* Main-iPhone.storyboard in Resources */,
				7909AFE2193518F00048CEDA /* Images.xcassets in Resources */,
				7909B01019351A7B0048CEDA /* Main-iPad.storyboard in Resources */,
			);
			runOnlyForDeploymentPostprocessing = 0;
		};
		7909AFE5193518F00048CEDA /* Resources */ = {
			isa = PBXResourcesBuildPhase;
			buildActionMask = 2147483647;
			files = (
				7909AFF4193518F00048CEDA /* InfoPlist.strings in Resources */,
			);
			runOnlyForDeploymentPostprocessing = 0;
		};
/* End PBXResourcesBuildPhase section */

/* Begin PBXShellScriptBuildPhase section */
		12214516DF354352A88F83EE /* Copy Pods Resources */ = {
			isa = PBXShellScriptBuildPhase;
			buildActionMask = 2147483647;
			files = (
			);
			inputPaths = (
			);
			name = "Copy Pods Resources";
			outputPaths = (
			);
			runOnlyForDeploymentPostprocessing = 0;
			shellPath = /bin/sh;
			shellScript = "\"${SRCROOT}/Pods/Pods-HellraiserMarket-resources.sh\"\n";
			showEnvVarsInLog = 0;
		};
		15708D5192C148F38D2F3BF1 /* Check Pods Manifest.lock */ = {
			isa = PBXShellScriptBuildPhase;
			buildActionMask = 2147483647;
			files = (
			);
			inputPaths = (
			);
			name = "Check Pods Manifest.lock";
			outputPaths = (
			);
			runOnlyForDeploymentPostprocessing = 0;
			shellPath = /bin/sh;
			shellScript = "diff \"${PODS_ROOT}/../Podfile.lock\" \"${PODS_ROOT}/Manifest.lock\" > /dev/null\nif [[ $? != 0 ]] ; then\n    cat << EOM\nerror: The sandbox is not in sync with the Podfile.lock. Run 'pod install' or update your CocoaPods installation.\nEOM\n    exit 1\nfi\n";
			showEnvVarsInLog = 0;
		};
		53B76DBAD0F54A5A83C1E8F4 /* Check Pods Manifest.lock */ = {
			isa = PBXShellScriptBuildPhase;
			buildActionMask = 2147483647;
			files = (
			);
			inputPaths = (
			);
			name = "Check Pods Manifest.lock";
			outputPaths = (
			);
			runOnlyForDeploymentPostprocessing = 0;
			shellPath = /bin/sh;
			shellScript = "diff \"${PODS_ROOT}/../Podfile.lock\" \"${PODS_ROOT}/Manifest.lock\" > /dev/null\nif [[ $? != 0 ]] ; then\n    cat << EOM\nerror: The sandbox is not in sync with the Podfile.lock. Run 'pod install' or update your CocoaPods installation.\nEOM\n    exit 1\nfi\n";
			showEnvVarsInLog = 0;
		};
		DADEC12A319C49E2A7494BD3 /* Copy Pods Resources */ = {
			isa = PBXShellScriptBuildPhase;
			buildActionMask = 2147483647;
			files = (
			);
			inputPaths = (
			);
			name = "Copy Pods Resources";
			outputPaths = (
			);
			runOnlyForDeploymentPostprocessing = 0;
			shellPath = /bin/sh;
			shellScript = "\"${SRCROOT}/Pods/Pods-HellraiserMarketTests-resources.sh\"\n";
			showEnvVarsInLog = 0;
		};
/* End PBXShellScriptBuildPhase section */

/* Begin PBXSourcesBuildPhase section */
		7909AFC3193518F00048CEDA /* Sources */ = {
			isa = PBXSourcesBuildPhase;
			buildActionMask = 2147483647;
			files = (
				7909AFE0193518F00048CEDA /* HellraiserMarket.xcdatamodeld in Sources */,
				7909B04219356E280048CEDA /* UIImage+HRImage.m in Sources */,
				7909B03F19356B2E0048CEDA /* UIViewController+HRViewControllerCategory.m in Sources */,
				7909B03619354FB90048CEDA /* Product.m in Sources */,
				7909B005193519400048CEDA /* CoreDataTVC.m in Sources */,
				7909B04E19358AD80048CEDA /* ProductDetailViewController.m in Sources */,
				7909AFDD193518F00048CEDA /* AppDelegate.m in Sources */,
				7909B004193519400048CEDA /* CoreDataHelper.m in Sources */,
				7909B045193576E00048CEDA /* CoreDataCVC.m in Sources */,
				7909B01519351B730048CEDA /* iPadMainViewController.m in Sources */,
				7909B00A1935198F0048CEDA /* Reachability.m in Sources */,
				7909B04B193582A50048CEDA /* ProductsHeaderCell.m in Sources */,
				7909AFD9193518F00048CEDA /* main.m in Sources */,
				7909B024193534150048CEDA /* BrandsTableViewController.m in Sources */,
				7909B03919354FBA0048CEDA /* Brand.m in Sources */,
				7909B02719353F150048CEDA /* MarketService.m in Sources */,
				7909B05119359AE50048CEDA /* iPhoneMainViewController.m in Sources */,
				7909B04819357BAC0048CEDA /* ProductCell.m in Sources */,
				7909B01E193523800048CEDA /* ProductsViewController.m in Sources */,
			);
			runOnlyForDeploymentPostprocessing = 0;
		};
		7909AFE3193518F00048CEDA /* Sources */ = {
			isa = PBXSourcesBuildPhase;
			buildActionMask = 2147483647;
			files = (
				7909AFF6193518F00048CEDA /* HellraiserMarketTests.m in Sources */,
			);
			runOnlyForDeploymentPostprocessing = 0;
		};
/* End PBXSourcesBuildPhase section */

/* Begin PBXTargetDependency section */
		7909AFEE193518F00048CEDA /* PBXTargetDependency */ = {
			isa = PBXTargetDependency;
			target = 7909AFC6193518F00048CEDA /* HellraiserMarket */;
			targetProxy = 7909AFED193518F00048CEDA /* PBXContainerItemProxy */;
		};
/* End PBXTargetDependency section */

/* Begin PBXVariantGroup section */
		7909AFD5193518F00048CEDA /* InfoPlist.strings */ = {
			isa = PBXVariantGroup;
			children = (
				7909AFD6193518F00048CEDA /* en */,
			);
			name = InfoPlist.strings;
			sourceTree = "<group>";
		};
		7909AFF2193518F00048CEDA /* InfoPlist.strings */ = {
			isa = PBXVariantGroup;
			children = (
				7909AFF3193518F00048CEDA /* en */,
			);
			name = InfoPlist.strings;
			sourceTree = "<group>";
		};
/* End PBXVariantGroup section */

/* Begin XCBuildConfiguration section */
		7909AFF7193518F00048CEDA /* Debug */ = {
			isa = XCBuildConfiguration;
			buildSettings = {
				ALWAYS_SEARCH_USER_PATHS = NO;
				CLANG_CXX_LANGUAGE_STANDARD = "gnu++0x";
				CLANG_CXX_LIBRARY = "libc++";
				CLANG_ENABLE_MODULES = YES;
				CLANG_ENABLE_OBJC_ARC = YES;
				CLANG_WARN_BOOL_CONVERSION = YES;
				CLANG_WARN_CONSTANT_CONVERSION = YES;
				CLANG_WARN_DIRECT_OBJC_ISA_USAGE = YES_ERROR;
				CLANG_WARN_EMPTY_BODY = YES;
				CLANG_WARN_ENUM_CONVERSION = YES;
				CLANG_WARN_INT_CONVERSION = YES;
				CLANG_WARN_OBJC_ROOT_CLASS = YES_ERROR;
				CLANG_WARN__DUPLICATE_METHOD_MATCH = YES;
				"CODE_SIGN_IDENTITY[sdk=iphoneos*]" = "iPhone Developer";
				COPY_PHASE_STRIP = NO;
				GCC_C_LANGUAGE_STANDARD = gnu99;
				GCC_DYNAMIC_NO_PIC = NO;
				GCC_OPTIMIZATION_LEVEL = 0;
				GCC_PREPROCESSOR_DEFINITIONS = (
					"DEBUG=1",
					"$(inherited)",
				);
				GCC_SYMBOLS_PRIVATE_EXTERN = NO;
				GCC_WARN_64_TO_32_BIT_CONVERSION = YES;
				GCC_WARN_ABOUT_RETURN_TYPE = YES_ERROR;
				GCC_WARN_UNDECLARED_SELECTOR = YES;
				GCC_WARN_UNINITIALIZED_AUTOS = YES_AGGRESSIVE;
				GCC_WARN_UNUSED_FUNCTION = YES;
				GCC_WARN_UNUSED_VARIABLE = YES;
				IPHONEOS_DEPLOYMENT_TARGET = 7.1;
				ONLY_ACTIVE_ARCH = YES;
				SDKROOT = iphoneos;
				TARGETED_DEVICE_FAMILY = "1,2";
			};
			name = Debug;
		};
		7909AFF8193518F00048CEDA /* Release */ = {
			isa = XCBuildConfiguration;
			buildSettings = {
				ALWAYS_SEARCH_USER_PATHS = NO;
				CLANG_CXX_LANGUAGE_STANDARD = "gnu++0x";
				CLANG_CXX_LIBRARY = "libc++";
				CLANG_ENABLE_MODULES = YES;
				CLANG_ENABLE_OBJC_ARC = YES;
				CLANG_WARN_BOOL_CONVERSION = YES;
				CLANG_WARN_CONSTANT_CONVERSION = YES;
				CLANG_WARN_DIRECT_OBJC_ISA_USAGE = YES_ERROR;
				CLANG_WARN_EMPTY_BODY = YES;
				CLANG_WARN_ENUM_CONVERSION = YES;
				CLANG_WARN_INT_CONVERSION = YES;
				CLANG_WARN_OBJC_ROOT_CLASS = YES_ERROR;
				CLANG_WARN__DUPLICATE_METHOD_MATCH = YES;
				"CODE_SIGN_IDENTITY[sdk=iphoneos*]" = "iPhone Developer";
				COPY_PHASE_STRIP = YES;
				ENABLE_NS_ASSERTIONS = NO;
				GCC_C_LANGUAGE_STANDARD = gnu99;
				GCC_WARN_64_TO_32_BIT_CONVERSION = YES;
				GCC_WARN_ABOUT_RETURN_TYPE = YES_ERROR;
				GCC_WARN_UNDECLARED_SELECTOR = YES;
				GCC_WARN_UNINITIALIZED_AUTOS = YES_AGGRESSIVE;
				GCC_WARN_UNUSED_FUNCTION = YES;
				GCC_WARN_UNUSED_VARIABLE = YES;
				IPHONEOS_DEPLOYMENT_TARGET = 7.1;
				SDKROOT = iphoneos;
				TARGETED_DEVICE_FAMILY = "1,2";
				VALIDATE_PRODUCT = YES;
			};
			name = Release;
		};
		7909AFFA193518F00048CEDA /* Debug */ = {
			isa = XCBuildConfiguration;
			baseConfigurationReference = 6B91002F9CFC44CD8051D3A1 /* Pods-HellraiserMarket.xcconfig */;
			buildSettings = {
				ASSETCATALOG_COMPILER_APPICON_NAME = AppIcon;
				ASSETCATALOG_COMPILER_LAUNCHIMAGE_NAME = LaunchImage;
				GCC_PRECOMPILE_PREFIX_HEADER = YES;
				GCC_PREFIX_HEADER = "HellraiserMarket/HellraiserMarket-Prefix.pch";
				INFOPLIST_FILE = "HellraiserMarket/HellraiserMarket-Info.plist";
				PRODUCT_NAME = "$(TARGET_NAME)";
				WRAPPER_EXTENSION = app;
			};
			name = Debug;
		};
		7909AFFB193518F00048CEDA /* Release */ = {
			isa = XCBuildConfiguration;
			baseConfigurationReference = 6B91002F9CFC44CD8051D3A1 /* Pods-HellraiserMarket.xcconfig */;
			buildSettings = {
				ASSETCATALOG_COMPILER_APPICON_NAME = AppIcon;
				ASSETCATALOG_COMPILER_LAUNCHIMAGE_NAME = LaunchImage;
				GCC_PRECOMPILE_PREFIX_HEADER = YES;
				GCC_PREFIX_HEADER = "HellraiserMarket/HellraiserMarket-Prefix.pch";
				INFOPLIST_FILE = "HellraiserMarket/HellraiserMarket-Info.plist";
				PRODUCT_NAME = "$(TARGET_NAME)";
				WRAPPER_EXTENSION = app;
			};
			name = Release;
		};
		7909AFFD193518F00048CEDA /* Debug */ = {
			isa = XCBuildConfiguration;
			baseConfigurationReference = BC1B2B88821943F6B8766C15 /* Pods-HellraiserMarketTests.xcconfig */;
			buildSettings = {
				BUNDLE_LOADER = "$(BUILT_PRODUCTS_DIR)/HellraiserMarket.app/HellraiserMarket";
				FRAMEWORK_SEARCH_PATHS = (
					"$(SDKROOT)/Developer/Library/Frameworks",
					"$(inherited)",
					"$(DEVELOPER_FRAMEWORKS_DIR)",
				);
				GCC_PRECOMPILE_PREFIX_HEADER = YES;
				GCC_PREFIX_HEADER = "HellraiserMarket/HellraiserMarket-Prefix.pch";
				GCC_PREPROCESSOR_DEFINITIONS = (
					"DEBUG=1",
					"$(inherited)",
				);
				INFOPLIST_FILE = "HellraiserMarketTests/HellraiserMarketTests-Info.plist";
				PRODUCT_NAME = "$(TARGET_NAME)";
				TEST_HOST = "$(BUNDLE_LOADER)";
				WRAPPER_EXTENSION = xctest;
			};
			name = Debug;
		};
		7909AFFE193518F00048CEDA /* Release */ = {
			isa = XCBuildConfiguration;
			baseConfigurationReference = BC1B2B88821943F6B8766C15 /* Pods-HellraiserMarketTests.xcconfig */;
			buildSettings = {
				BUNDLE_LOADER = "$(BUILT_PRODUCTS_DIR)/HellraiserMarket.app/HellraiserMarket";
				FRAMEWORK_SEARCH_PATHS = (
					"$(SDKROOT)/Developer/Library/Frameworks",
					"$(inherited)",
					"$(DEVELOPER_FRAMEWORKS_DIR)",
				);
				GCC_PRECOMPILE_PREFIX_HEADER = YES;
				GCC_PREFIX_HEADER = "HellraiserMarket/HellraiserMarket-Prefix.pch";
				INFOPLIST_FILE = "HellraiserMarketTests/HellraiserMarketTests-Info.plist";
				PRODUCT_NAME = "$(TARGET_NAME)";
				TEST_HOST = "$(BUNDLE_LOADER)";
				WRAPPER_EXTENSION = xctest;
			};
			name = Release;
		};
/* End XCBuildConfiguration section */

/* Begin XCConfigurationList section */
		7909AFC2193518F00048CEDA /* Build configuration list for PBXProject "HellraiserMarket" */ = {
			isa = XCConfigurationList;
			buildConfigurations = (
				7909AFF7193518F00048CEDA /* Debug */,
				7909AFF8193518F00048CEDA /* Release */,
			);
			defaultConfigurationIsVisible = 0;
			defaultConfigurationName = Release;
		};
		7909AFF9193518F00048CEDA /* Build configuration list for PBXNativeTarget "HellraiserMarket" */ = {
			isa = XCConfigurationList;
			buildConfigurations = (
				7909AFFA193518F00048CEDA /* Debug */,
				7909AFFB193518F00048CEDA /* Release */,
			);
			defaultConfigurationIsVisible = 0;
			defaultConfigurationName = Release;
		};
		7909AFFC193518F00048CEDA /* Build configuration list for PBXNativeTarget "HellraiserMarketTests" */ = {
			isa = XCConfigurationList;
			buildConfigurations = (
				7909AFFD193518F00048CEDA /* Debug */,
				7909AFFE193518F00048CEDA /* Release */,
			);
			defaultConfigurationIsVisible = 0;
			defaultConfigurationName = Release;
		};
/* End XCConfigurationList section */

/* Begin XCVersionGroup section */
		7909AFDE193518F00048CEDA /* HellraiserMarket.xcdatamodeld */ = {
			isa = XCVersionGroup;
			children = (
				7909AFDF193518F00048CEDA /* HellraiserMarket.xcdatamodel */,
			);
			currentVersion = 7909AFDF193518F00048CEDA /* HellraiserMarket.xcdatamodel */;
			path = HellraiserMarket.xcdatamodeld;
			sourceTree = "<group>";
			versionGroupType = wrapper.xcdatamodel;
		};
/* End XCVersionGroup section */
	};
	rootObject = 7909AFBF193518F00048CEDA /* Project object */;
}
