// !$*UTF8*$!
{
	archiveVersion = 1;
	classes = {
	};
	objectVersion = 46;
	objects = {

/* Begin PBXBuildFile section */
		7909AFCB193518F00048CEDA /* Foundation.framework in Frameworks */ = {isa = PBXBuildFile; fileRef = 7909AFCA193518F00048CEDA /* Foundation.framework */; };
		7909AFCD193518F00048CEDA /* CoreGraphics.framework in Frameworks */ = {isa = PBXBuildFile; fileRef = 7909AFCC193518F00048CEDA /* CoreGraphics.framework */; };
		7909AFCF193518F00048CEDA /* UIKit.framework in Frameworks */ = {isa = PBXBuildFile; fileRef = 7909AFCE193518F00048CEDA /* UIKit.framework */; };
		7909AFD1193518F00048CEDA /* CoreData.framework in Frameworks */ = {isa = PBXBuildFile; fileRef = 7909AFD0193518F00048CEDA /* CoreData.framework */; };
		7909AFD7193518F00048CEDA /* InfoPlist.strings in Resources */ = {isa = PBXBuildFile; fileRef = 7909AFD5193518F00048CEDA /* InfoPlist.strings */; };
		7909AFD9193518F00048CEDA /* main.m in Sources */ = {isa = PBXBuildFile; fileRef = 7909AFD8193518F00048CEDA /* main.m */; };
		7909AFDD193518F00048CEDA /* AppDelegate.m in Sources */ = {isa = PBXBuildFile; fileRef = 7909AFDC193518F00048CEDA /* AppDelegate.m */; };
		7909AFE0193518F00048CEDA /* HellraiserMarket.xcdatamodeld in Sources */ = {isa = PBXBuildFile; fileRef = 7909AFDE193518F00048CEDA /* HellraiserMarket.xcdatamodeld */; };
		7909AFE2193518F00048CEDA /* Images.xcassets in Resources */ = {isa = PBXBuildFile; fileRef = 7909AFE1193518F00048CEDA /* Images.xcassets */; };
		7909AFE9193518F00048CEDA /* XCTest.framework in Frameworks */ = {isa = PBXBuildFile; fileRef = 7909AFE8193518F00048CEDA /* XCTest.framework */; };
		7909AFEA193518F00048CEDA /* Foundation.framework in Frameworks */ = {isa = PBXBuildFile; fileRef = 7909AFCA193518F00048CEDA /* Foundation.framework */; };
		7909AFEB193518F00048CEDA /* UIKit.framework in Frameworks */ = {isa = PBXBuildFile; fileRef = 7909AFCE193518F00048CEDA /* UIKit.framework */; };
		7909AFEC193518F00048CEDA /* CoreData.framework in Frameworks */ = {isa = PBXBuildFile; fileRef = 7909AFD0193518F00048CEDA /* CoreData.framework */; };
		7909AFF4193518F00048CEDA /* InfoPlist.strings in Resources */ = {isa = PBXBuildFile; fileRef = 7909AFF2193518F00048CEDA /* InfoPlist.strings */; };
		7909AFF6193518F00048CEDA /* HellraiserMarketTests.m in Sources */ = {isa = PBXBuildFile; fileRef = 7909AFF5193518F00048CEDA /* HellraiserMarketTests.m */; };
/* End PBXBuildFile section */

/* Begin PBXContainerItemProxy section */
		7909AFED193518F00048CEDA /* PBXContainerItemProxy */ = {
			isa = PBXContainerItemProxy;
			containerPortal = 7909AFBF193518F00048CEDA /* Project object */;
			proxyType = 1;
			remoteGlobalIDString = 7909AFC6193518F00048CEDA;
			remoteInfo = HellraiserMarket;
		};
/* End PBXContainerItemProxy section */

/* Begin PBXFileReference section */
		7909AFC7193518F00048CEDA /* HellraiserMarket.app */ = {isa = PBXFileReference; explicitFileType = wrapper.application; includeInIndex = 0; path = HellraiserMarket.app; sourceTree = BUILT_PRODUCTS_DIR; };
		7909AFCA193518F00048CEDA /* Foundation.framework */ = {isa = PBXFileReference; lastKnownFileType = wrapper.framework; name = Foundation.framework; path = System/Library/Frameworks/Foundation.framework; sourceTree = SDKROOT; };
		7909AFCC193518F00048CEDA /* CoreGraphics.framework */ = {isa = PBXFileReference; lastKnownFileType = wrapper.framework; name = CoreGraphics.framework; path = System/Library/Frameworks/CoreGraphics.framework; sourceTree = SDKROOT; };
		7909AFCE193518F00048CEDA /* UIKit.framework */ = {isa = PBXFileReference; lastKnownFileType = wrapper.framework; name = UIKit.framework; path = System/Library/Frameworks/UIKit.framework; sourceTree = SDKROOT; };
		7909AFD0193518F00048CEDA /* CoreData.framework */ = {isa = PBXFileReference; lastKnownFileType = wrapper.framework; name = CoreData.framework; path = System/Library/Frameworks/CoreData.framework; sourceTree = SDKROOT; };
		7909AFD4193518F00048CEDA /* HellraiserMarket-Info.plist */ = {isa = PBXFileReference; lastKnownFileType = text.plist.xml; path = "HellraiserMarket-Info.plist"; sourceTree = "<group>"; };
		7909AFD6193518F00048CEDA /* en */ = {isa = PBXFileReference; lastKnownFileType = text.plist.strings; name = en; path = en.lproj/InfoPlist.strings; sourceTree = "<group>"; };
		7909AFD8193518F00048CEDA /* main.m */ = {isa = PBXFileReference; lastKnownFileType = sourcecode.c.objc; path = main.m; sourceTree = "<group>"; };
		7909AFDA193518F00048CEDA /* HellraiserMarket-Prefix.pch */ = {isa = PBXFileReference; lastKnownFileType = sourcecode.c.h; path = "HellraiserMarket-Prefix.pch"; sourceTree = "<group>"; };
		7909AFDB193518F00048CEDA /* AppDelegate.h */ = {isa = PBXFileReference; lastKnownFileType = sourcecode.c.h; path = AppDelegate.h; sourceTree = "<group>"; };
		7909AFDC193518F00048CEDA /* AppDelegate.m */ = {isa = PBXFileReference; lastKnownFileType = sourcecode.c.objc; path = AppDelegate.m; sourceTree = "<group>"; };
		7909AFDF193518F00048CEDA /* HellraiserMarket.xcdatamodel */ = {isa = PBXFileReference; lastKnownFileType = wrapper.xcdatamodel; path = HellraiserMarket.xcdatamodel; sourceTree = "<group>"; };
		7909AFE1193518F00048CEDA /* Images.xcassets */ = {isa = PBXFileReference; lastKnownFileType = folder.assetcatalog; path = Images.xcassets; sourceTree = "<group>"; };
		7909AFE7193518F00048CEDA /* HellraiserMarketTests.xctest */ = {isa = PBXFileReference; explicitFileType = wrapper.cfbundle; includeInIndex = 0; path = HellraiserMarketTests.xctest; sourceTree = BUILT_PRODUCTS_DIR; };
		7909AFE8193518F00048CEDA /* XCTest.framework */ = {isa = PBXFileReference; lastKnownFileType = wrapper.framework; name = XCTest.framework; path = Library/Frameworks/XCTest.framework; sourceTree = DEVELOPER_DIR; };
		7909AFF1193518F00048CEDA /* HellraiserMarketTests-Info.plist */ = {isa = PBXFileReference; lastKnownFileType = text.plist.xml; path = "HellraiserMarketTests-Info.plist"; sourceTree = "<group>"; };
		7909AFF3193518F00048CEDA /* en */ = {isa = PBXFileReference; lastKnownFileType = text.plist.strings; name = en; path = en.lproj/InfoPlist.strings; sourceTree = "<group>"; };
		7909AFF5193518F00048CEDA /* HellraiserMarketTests.m */ = {isa = PBXFileReference; lastKnownFileType = sourcecode.c.objc; path = HellraiserMarketTests.m; sourceTree = "<group>"; };
/* End PBXFileReference section */

/* Begin PBXFrameworksBuildPhase section */
		7909AFC4193518F00048CEDA /* Frameworks */ = {
			isa = PBXFrameworksBuildPhase;
			buildActionMask = 2147483647;
			files = (
				7909AFCD193518F00048CEDA /* CoreGraphics.framework in Frameworks */,
				7909AFD1193518F00048CEDA /* CoreData.framework in Frameworks */,
				7909AFCF193518F00048CEDA /* UIKit.framework in Frameworks */,
				7909AFCB193518F00048CEDA /* Foundation.framework in Frameworks */,
			);
			runOnlyForDeploymentPostprocessing = 0;
		};
		7909AFE4193518F00048CEDA /* Frameworks */ = {
			isa = PBXFrameworksBuildPhase;
			buildActionMask = 2147483647;
			files = (
				7909AFE9193518F00048CEDA /* XCTest.framework in Frameworks */,
				7909AFEC193518F00048CEDA /* CoreData.framework in Frameworks */,
				7909AFEB193518F00048CEDA /* UIKit.framework in Frameworks */,
				7909AFEA193518F00048CEDA /* Foundation.framework in Frameworks */,
			);
			runOnlyForDeploymentPostprocessing = 0;
		};
/* End PBXFrameworksBuildPhase section */

/* Begin PBXGroup section */
		7909AFBE193518F00048CEDA = {
			isa = PBXGroup;
			children = (
				7909AFD2193518F00048CEDA /* HellraiserMarket */,
				7909AFEF193518F00048CEDA /* HellraiserMarketTests */,
				7909AFC9193518F00048CEDA /* Frameworks */,
				7909AFC8193518F00048CEDA /* Products */,
			);
			sourceTree = "<group>";
		};
		7909AFC8193518F00048CEDA /* Products */ = {
			isa = PBXGroup;
			children = (
				7909AFC7193518F00048CEDA /* HellraiserMarket.app */,
				7909AFE7193518F00048CEDA /* HellraiserMarketTests.xctest */,
			);
			name = Products;
			sourceTree = "<group>";
		};
		7909AFC9193518F00048CEDA /* Frameworks */ = {
			isa = PBXGroup;
			children = (
				7909AFCA193518F00048CEDA /* Foundation.framework */,
				7909AFCC193518F00048CEDA /* CoreGraphics.framework */,
				7909AFCE193518F00048CEDA /* UIKit.framework */,
				7909AFD0193518F00048CEDA /* CoreData.framework */,
				7909AFE8193518F00048CEDA /* XCTest.framework */,
			);
			name = Frameworks;
			sourceTree = "<group>";
		};
		7909AFD2193518F00048CEDA /* HellraiserMarket */ = {
			isa = PBXGroup;
			children = (
				7909AFDB193518F00048CEDA /* AppDelegate.h */,
				7909AFDC193518F00048CEDA /* AppDelegate.m */,
				7909AFE1193518F00048CEDA /* Images.xcassets */,
				7909AFDE193518F00048CEDA /* HellraiserMarket.xcdatamodeld */,
				7909AFD3193518F00048CEDA /* Supporting Files */,
			);
			path = HellraiserMarket;
			sourceTree = "<group>";
		};
		7909AFD3193518F00048CEDA /* Supporting Files */ = {
			isa = PBXGroup;
			children = (
				7909AFD4193518F00048CEDA /* HellraiserMarket-Info.plist */,
				7909AFD5193518F00048CEDA /* InfoPlist.strings */,
				7909AFD8193518F00048CEDA /* main.m */,
				7909AFDA193518F00048CEDA /* HellraiserMarket-Prefix.pch */,
			);
			name = "Supporting Files";
			sourceTree = "<group>";
		};
		7909AFEF193518F00048CEDA /* HellraiserMarketTests */ = {
			isa = PBXGroup;
			children = (
				7909AFF5193518F00048CEDA /* HellraiserMarketTests.m */,
				7909AFF0193518F00048CEDA /* Supporting Files */,
			);
			path = HellraiserMarketTests;
			sourceTree = "<group>";
		};
		7909AFF0193518F00048CEDA /* Supporting Files */ = {
			isa = PBXGroup;
			children = (
				7909AFF1193518F00048CEDA /* HellraiserMarketTests-Info.plist */,
				7909AFF2193518F00048CEDA /* InfoPlist.strings */,
			);
			name = "Supporting Files";
			sourceTree = "<group>";
		};
/* End PBXGroup section */

/* Begin PBXNativeTarget section */
		7909AFC6193518F00048CEDA /* HellraiserMarket */ = {
			isa = PBXNativeTarget;
			buildConfigurationList = 7909AFF9193518F00048CEDA /* Build configuration list for PBXNativeTarget "HellraiserMarket" */;
			buildPhases = (
				7909AFC3193518F00048CEDA /* Sources */,
				7909AFC4193518F00048CEDA /* Frameworks */,
				7909AFC5193518F00048CEDA /* Resources */,
			);
			buildRules = (
			);
			dependencies = (
			);
			name = HellraiserMarket;
			productName = HellraiserMarket;
			productReference = 7909AFC7193518F00048CEDA /* HellraiserMarket.app */;
			productType = "com.apple.product-type.application";
		};
		7909AFE6193518F00048CEDA /* HellraiserMarketTests */ = {
			isa = PBXNativeTarget;
			buildConfigurationList = 7909AFFC193518F00048CEDA /* Build configuration list for PBXNativeTarget "HellraiserMarketTests" */;
			buildPhases = (
				7909AFE3193518F00048CEDA /* Sources */,
				7909AFE4193518F00048CEDA /* Frameworks */,
				7909AFE5193518F00048CEDA /* Resources */,
			);
			buildRules = (
			);
			dependencies = (
				7909AFEE193518F00048CEDA /* PBXTargetDependency */,
			);
			name = HellraiserMarketTests;
			productName = HellraiserMarketTests;
			productReference = 7909AFE7193518F00048CEDA /* HellraiserMarketTests.xctest */;
			productType = "com.apple.product-type.bundle.unit-test";
		};
/* End PBXNativeTarget section */

/* Begin PBXProject section */
		7909AFBF193518F00048CEDA /* Project object */ = {
			isa = PBXProject;
			attributes = {
				LastUpgradeCheck = 0510;
				ORGANIZATIONNAME = guidefreitas;
				TargetAttributes = {
					7909AFE6193518F00048CEDA = {
						TestTargetID = 7909AFC6193518F00048CEDA;
					};
				};
			};
			buildConfigurationList = 7909AFC2193518F00048CEDA /* Build configuration list for PBXProject "HellraiserMarket" */;
			compatibilityVersion = "Xcode 3.2";
			developmentRegion = English;
			hasScannedForEncodings = 0;
			knownRegions = (
				en,
			);
			mainGroup = 7909AFBE193518F00048CEDA;
			productRefGroup = 7909AFC8193518F00048CEDA /* Products */;
			projectDirPath = "";
			projectRoot = "";
			targets = (
				7909AFC6193518F00048CEDA /* HellraiserMarket */,
				7909AFE6193518F00048CEDA /* HellraiserMarketTests */,
			);
		};
/* End PBXProject section */

/* Begin PBXResourcesBuildPhase section */
		7909AFC5193518F00048CEDA /* Resources */ = {
			isa = PBXResourcesBuildPhase;
			buildActionMask = 2147483647;
			files = (
				7909AFD7193518F00048CEDA /* InfoPlist.strings in Resources */,
				7909AFE2193518F00048CEDA /* Images.xcassets in Resources */,
			);
			runOnlyForDeploymentPostprocessing = 0;
		};
		7909AFE5193518F00048CEDA /* Resources */ = {
			isa = PBXResourcesBuildPhase;
			buildActionMask = 2147483647;
			files = (
				7909AFF4193518F00048CEDA /* InfoPlist.strings in Resources */,
			);
			runOnlyForDeploymentPostprocessing = 0;
		};
/* End PBXResourcesBuildPhase section */

/* Begin PBXSourcesBuildPhase section */
		7909AFC3193518F00048CEDA /* Sources */ = {
			isa = PBXSourcesBuildPhase;
			buildActionMask = 2147483647;
			files = (
				7909AFE0193518F00048CEDA /* HellraiserMarket.xcdatamodeld in Sources */,
				7909AFDD193518F00048CEDA /* AppDelegate.m in Sources */,
				7909AFD9193518F00048CEDA /* main.m in Sources */,
			);
			runOnlyForDeploymentPostprocessing = 0;
		};
		7909AFE3193518F00048CEDA /* Sources */ = {
			isa = PBXSourcesBuildPhase;
			buildActionMask = 2147483647;
			files = (
				7909AFF6193518F00048CEDA /* HellraiserMarketTests.m in Sources */,
			);
			runOnlyForDeploymentPostprocessing = 0;
		};
/* End PBXSourcesBuildPhase section */

/* Begin PBXTargetDependency section */
		7909AFEE193518F00048CEDA /* PBXTargetDependency */ = {
			isa = PBXTargetDependency;
			target = 7909AFC6193518F00048CEDA /* HellraiserMarket */;
			targetProxy = 7909AFED193518F00048CEDA /* PBXContainerItemProxy */;
		};
/* End PBXTargetDependency section */

/* Begin PBXVariantGroup section */
		7909AFD5193518F00048CEDA /* InfoPlist.strings */ = {
			isa = PBXVariantGroup;
			children = (
				7909AFD6193518F00048CEDA /* en */,
			);
			name = InfoPlist.strings;
			sourceTree = "<group>";
		};
		7909AFF2193518F00048CEDA /* InfoPlist.strings */ = {
			isa = PBXVariantGroup;
			children = (
				7909AFF3193518F00048CEDA /* en */,
			);
			name = InfoPlist.strings;
			sourceTree = "<group>";
		};
/* End PBXVariantGroup section */

/* Begin XCBuildConfiguration section */
		7909AFF7193518F00048CEDA /* Debug */ = {
			isa = XCBuildConfiguration;
			buildSettings = {
				ALWAYS_SEARCH_USER_PATHS = NO;
				CLANG_CXX_LANGUAGE_STANDARD = "gnu++0x";
				CLANG_CXX_LIBRARY = "libc++";
				CLANG_ENABLE_MODULES = YES;
				CLANG_ENABLE_OBJC_ARC = YES;
				CLANG_WARN_BOOL_CONVERSION = YES;
				CLANG_WARN_CONSTANT_CONVERSION = YES;
				CLANG_WARN_DIRECT_OBJC_ISA_USAGE = YES_ERROR;
				CLANG_WARN_EMPTY_BODY = YES;
				CLANG_WARN_ENUM_CONVERSION = YES;
				CLANG_WARN_INT_CONVERSION = YES;
				CLANG_WARN_OBJC_ROOT_CLASS = YES_ERROR;
				CLANG_WARN__DUPLICATE_METHOD_MATCH = YES;
				"CODE_SIGN_IDENTITY[sdk=iphoneos*]" = "iPhone Developer";
				COPY_PHASE_STRIP = NO;
				GCC_C_LANGUAGE_STANDARD = gnu99;
				GCC_DYNAMIC_NO_PIC = NO;
				GCC_OPTIMIZATION_LEVEL = 0;
				GCC_PREPROCESSOR_DEFINITIONS = (
					"DEBUG=1",
					"$(inherited)",
				);
				GCC_SYMBOLS_PRIVATE_EXTERN = NO;
				GCC_WARN_64_TO_32_BIT_CONVERSION = YES;
				GCC_WARN_ABOUT_RETURN_TYPE = YES_ERROR;
				GCC_WARN_UNDECLARED_SELECTOR = YES;
				GCC_WARN_UNINITIALIZED_AUTOS = YES_AGGRESSIVE;
				GCC_WARN_UNUSED_FUNCTION = YES;
				GCC_WARN_UNUSED_VARIABLE = YES;
				IPHONEOS_DEPLOYMENT_TARGET = 7.1;
				ONLY_ACTIVE_ARCH = YES;
				SDKROOT = iphoneos;
				TARGETED_DEVICE_FAMILY = "1,2";
			};
			name = Debug;
		};
		7909AFF8193518F00048CEDA /* Release */ = {
			isa = XCBuildConfiguration;
			buildSettings = {
				ALWAYS_SEARCH_USER_PATHS = NO;
				CLANG_CXX_LANGUAGE_STANDARD = "gnu++0x";
				CLANG_CXX_LIBRARY = "libc++";
				CLANG_ENABLE_MODULES = YES;
				CLANG_ENABLE_OBJC_ARC = YES;
				CLANG_WARN_BOOL_CONVERSION = YES;
				CLANG_WARN_CONSTANT_CONVERSION = YES;
				CLANG_WARN_DIRECT_OBJC_ISA_USAGE = YES_ERROR;
				CLANG_WARN_EMPTY_BODY = YES;
				CLANG_WARN_ENUM_CONVERSION = YES;
				CLANG_WARN_INT_CONVERSION = YES;
				CLANG_WARN_OBJC_ROOT_CLASS = YES_ERROR;
				CLANG_WARN__DUPLICATE_METHOD_MATCH = YES;
				"CODE_SIGN_IDENTITY[sdk=iphoneos*]" = "iPhone Developer";
				COPY_PHASE_STRIP = YES;
				ENABLE_NS_ASSERTIONS = NO;
				GCC_C_LANGUAGE_STANDARD = gnu99;
				GCC_WARN_64_TO_32_BIT_CONVERSION = YES;
				GCC_WARN_ABOUT_RETURN_TYPE = YES_ERROR;
				GCC_WARN_UNDECLARED_SELECTOR = YES;
				GCC_WARN_UNINITIALIZED_AUTOS = YES_AGGRESSIVE;
				GCC_WARN_UNUSED_FUNCTION = YES;
				GCC_WARN_UNUSED_VARIABLE = YES;
				IPHONEOS_DEPLOYMENT_TARGET = 7.1;
				SDKROOT = iphoneos;
				TARGETED_DEVICE_FAMILY = "1,2";
				VALIDATE_PRODUCT = YES;
			};
			name = Release;
		};
		7909AFFA193518F00048CEDA /* Debug */ = {
			isa = XCBuildConfiguration;
			buildSettings = {
				ASSETCATALOG_COMPILER_APPICON_NAME = AppIcon;
				ASSETCATALOG_COMPILER_LAUNCHIMAGE_NAME = LaunchImage;
				GCC_PRECOMPILE_PREFIX_HEADER = YES;
				GCC_PREFIX_HEADER = "HellraiserMarket/HellraiserMarket-Prefix.pch";
				INFOPLIST_FILE = "HellraiserMarket/HellraiserMarket-Info.plist";
				PRODUCT_NAME = "$(TARGET_NAME)";
				WRAPPER_EXTENSION = app;
			};
			name = Debug;
		};
		7909AFFB193518F00048CEDA /* Release */ = {
			isa = XCBuildConfiguration;
			buildSettings = {
				ASSETCATALOG_COMPILER_APPICON_NAME = AppIcon;
				ASSETCATALOG_COMPILER_LAUNCHIMAGE_NAME = LaunchImage;
				GCC_PRECOMPILE_PREFIX_HEADER = YES;
				GCC_PREFIX_HEADER = "HellraiserMarket/HellraiserMarket-Prefix.pch";
				INFOPLIST_FILE = "HellraiserMarket/HellraiserMarket-Info.plist";
				PRODUCT_NAME = "$(TARGET_NAME)";
				WRAPPER_EXTENSION = app;
			};
			name = Release;
		};
		7909AFFD193518F00048CEDA /* Debug */ = {
			isa = XCBuildConfiguration;
			buildSettings = {
				BUNDLE_LOADER = "$(BUILT_PRODUCTS_DIR)/HellraiserMarket.app/HellraiserMarket";
				FRAMEWORK_SEARCH_PATHS = (
					"$(SDKROOT)/Developer/Library/Frameworks",
					"$(inherited)",
					"$(DEVELOPER_FRAMEWORKS_DIR)",
				);
				GCC_PRECOMPILE_PREFIX_HEADER = YES;
				GCC_PREFIX_HEADER = "HellraiserMarket/HellraiserMarket-Prefix.pch";
				GCC_PREPROCESSOR_DEFINITIONS = (
					"DEBUG=1",
					"$(inherited)",
				);
				INFOPLIST_FILE = "HellraiserMarketTests/HellraiserMarketTests-Info.plist";
				PRODUCT_NAME = "$(TARGET_NAME)";
				TEST_HOST = "$(BUNDLE_LOADER)";
				WRAPPER_EXTENSION = xctest;
			};
			name = Debug;
		};
		7909AFFE193518F00048CEDA /* Release */ = {
			isa = XCBuildConfiguration;
			buildSettings = {
				BUNDLE_LOADER = "$(BUILT_PRODUCTS_DIR)/HellraiserMarket.app/HellraiserMarket";
				FRAMEWORK_SEARCH_PATHS = (
					"$(SDKROOT)/Developer/Library/Frameworks",
					"$(inherited)",
					"$(DEVELOPER_FRAMEWORKS_DIR)",
				);
				GCC_PRECOMPILE_PREFIX_HEADER = YES;
				GCC_PREFIX_HEADER = "HellraiserMarket/HellraiserMarket-Prefix.pch";
				INFOPLIST_FILE = "HellraiserMarketTests/HellraiserMarketTests-Info.plist";
				PRODUCT_NAME = "$(TARGET_NAME)";
				TEST_HOST = "$(BUNDLE_LOADER)";
				WRAPPER_EXTENSION = xctest;
			};
			name = Release;
		};
/* End XCBuildConfiguration section */

/* Begin XCConfigurationList section */
		7909AFC2193518F00048CEDA /* Build configuration list for PBXProject "HellraiserMarket" */ = {
			isa = XCConfigurationList;
			buildConfigurations = (
				7909AFF7193518F00048CEDA /* Debug */,
				7909AFF8193518F00048CEDA /* Release */,
			);
			defaultConfigurationIsVisible = 0;
			defaultConfigurationName = Release;
		};
		7909AFF9193518F00048CEDA /* Build configuration list for PBXNativeTarget "HellraiserMarket" */ = {
			isa = XCConfigurationList;
			buildConfigurations = (
				7909AFFA193518F00048CEDA /* Debug */,
				7909AFFB193518F00048CEDA /* Release */,
			);
			defaultConfigurationIsVisible = 0;
		};
		7909AFFC193518F00048CEDA /* Build configuration list for PBXNativeTarget "HellraiserMarketTests" */ = {
			isa = XCConfigurationList;
			buildConfigurations = (
				7909AFFD193518F00048CEDA /* Debug */,
				7909AFFE193518F00048CEDA /* Release */,
			);
			defaultConfigurationIsVisible = 0;
		};
/* End XCConfigurationList section */

/* Begin XCVersionGroup section */
		7909AFDE193518F00048CEDA /* HellraiserMarket.xcdatamodeld */ = {
			isa = XCVersionGroup;
			children = (
				7909AFDF193518F00048CEDA /* HellraiserMarket.xcdatamodel */,
			);
			currentVersion = 7909AFDF193518F00048CEDA /* HellraiserMarket.xcdatamodel */;
			path = HellraiserMarket.xcdatamodeld;
			sourceTree = "<group>";
			versionGroupType = wrapper.xcdatamodel;
		};
/* End XCVersionGroup section */
	};
	rootObject = 7909AFBF193518F00048CEDA /* Project object */;
}
